// !$*UTF8*$!
{
	archiveVersion = 1;
	classes = {
	};
	objectVersion = 50;
	objects = {

/* Begin PBXBuildFile section */
		0F5C4183242E33BC00354EBB /* AppDelegate.swift in Sources */ = {isa = PBXBuildFile; fileRef = 0F5C4182242E33BC00354EBB /* AppDelegate.swift */; };
		0F5C4185242E33BC00354EBB /* SceneDelegate.swift in Sources */ = {isa = PBXBuildFile; fileRef = 0F5C4184242E33BC00354EBB /* SceneDelegate.swift */; };
		0F5C4187242E33BC00354EBB /* ViewController.swift in Sources */ = {isa = PBXBuildFile; fileRef = 0F5C4186242E33BC00354EBB /* ViewController.swift */; };
		0F5C418A242E33BC00354EBB /* Main.storyboard in Resources */ = {isa = PBXBuildFile; fileRef = 0F5C4188242E33BC00354EBB /* Main.storyboard */; };
		0F5C418C242E33BE00354EBB /* Assets.xcassets in Resources */ = {isa = PBXBuildFile; fileRef = 0F5C418B242E33BE00354EBB /* Assets.xcassets */; };
		0F5C418F242E33BE00354EBB /* LaunchScreen.storyboard in Resources */ = {isa = PBXBuildFile; fileRef = 0F5C418D242E33BE00354EBB /* LaunchScreen.storyboard */; };
		0F5C419A242E33BE00354EBB /* ColorMakerTests.swift in Sources */ = {isa = PBXBuildFile; fileRef = 0F5C4199242E33BE00354EBB /* ColorMakerTests.swift */; };
		0F5C41A5242E33BE00354EBB /* ColorMakerUITests.swift in Sources */ = {isa = PBXBuildFile; fileRef = 0F5C41A4242E33BE00354EBB /* ColorMakerUITests.swift */; };
/* End PBXBuildFile section */

/* Begin PBXContainerItemProxy section */
		0F5C4196242E33BE00354EBB /* PBXContainerItemProxy */ = {
			isa = PBXContainerItemProxy;
			containerPortal = 0F5C4177242E33BC00354EBB /* Project object */;
			proxyType = 1;
			remoteGlobalIDString = 0F5C417E242E33BC00354EBB;
			remoteInfo = ColorMaker;
		};
		0F5C41A1242E33BE00354EBB /* PBXContainerItemProxy */ = {
			isa = PBXContainerItemProxy;
			containerPortal = 0F5C4177242E33BC00354EBB /* Project object */;
			proxyType = 1;
			remoteGlobalIDString = 0F5C417E242E33BC00354EBB;
			remoteInfo = ColorMaker;
		};
/* End PBXContainerItemProxy section */

/* Begin PBXFileReference section */
		0F5C417F242E33BC00354EBB /* ColorMaker.app */ = {isa = PBXFileReference; explicitFileType = wrapper.application; includeInIndex = 0; path = ColorMaker.app; sourceTree = BUILT_PRODUCTS_DIR; };
		0F5C4182242E33BC00354EBB /* AppDelegate.swift */ = {isa = PBXFileReference; lastKnownFileType = sourcecode.swift; path = AppDelegate.swift; sourceTree = "<group>"; };
		0F5C4184242E33BC00354EBB /* SceneDelegate.swift */ = {isa = PBXFileReference; lastKnownFileType = sourcecode.swift; path = SceneDelegate.swift; sourceTree = "<group>"; };
		0F5C4186242E33BC00354EBB /* ViewController.swift */ = {isa = PBXFileReference; lastKnownFileType = sourcecode.swift; path = ViewController.swift; sourceTree = "<group>"; };
		0F5C4189242E33BC00354EBB /* Base */ = {isa = PBXFileReference; lastKnownFileType = file.storyboard; name = Base; path = Base.lproj/Main.storyboard; sourceTree = "<group>"; };
		0F5C418B242E33BE00354EBB /* Assets.xcassets */ = {isa = PBXFileReference; lastKnownFileType = folder.assetcatalog; path = Assets.xcassets; sourceTree = "<group>"; };
		0F5C418E242E33BE00354EBB /* Base */ = {isa = PBXFileReference; lastKnownFileType = file.storyboard; name = Base; path = Base.lproj/LaunchScreen.storyboard; sourceTree = "<group>"; };
		0F5C4190242E33BE00354EBB /* Info.plist */ = {isa = PBXFileReference; lastKnownFileType = text.plist.xml; path = Info.plist; sourceTree = "<group>"; };
		0F5C4195242E33BE00354EBB /* ColorMakerTests.xctest */ = {isa = PBXFileReference; explicitFileType = wrapper.cfbundle; includeInIndex = 0; path = ColorMakerTests.xctest; sourceTree = BUILT_PRODUCTS_DIR; };
		0F5C4199242E33BE00354EBB /* ColorMakerTests.swift */ = {isa = PBXFileReference; lastKnownFileType = sourcecode.swift; path = ColorMakerTests.swift; sourceTree = "<group>"; };
		0F5C419B242E33BE00354EBB /* Info.plist */ = {isa = PBXFileReference; lastKnownFileType = text.plist.xml; path = Info.plist; sourceTree = "<group>"; };
		0F5C41A0242E33BE00354EBB /* ColorMakerUITests.xctest */ = {isa = PBXFileReference; explicitFileType = wrapper.cfbundle; includeInIndex = 0; path = ColorMakerUITests.xctest; sourceTree = BUILT_PRODUCTS_DIR; };
		0F5C41A4242E33BE00354EBB /* ColorMakerUITests.swift */ = {isa = PBXFileReference; lastKnownFileType = sourcecode.swift; path = ColorMakerUITests.swift; sourceTree = "<group>"; };
		0F5C41A6242E33BE00354EBB /* Info.plist */ = {isa = PBXFileReference; lastKnownFileType = text.plist.xml; path = Info.plist; sourceTree = "<group>"; };
/* End PBXFileReference section */

/* Begin PBXFrameworksBuildPhase section */
		0F5C417C242E33BC00354EBB /* Frameworks */ = {
			isa = PBXFrameworksBuildPhase;
			buildActionMask = 2147483647;
			files = (
			);
			runOnlyForDeploymentPostprocessing = 0;
		};
		0F5C4192242E33BE00354EBB /* Frameworks */ = {
			isa = PBXFrameworksBuildPhase;
			buildActionMask = 2147483647;
			files = (
			);
			runOnlyForDeploymentPostprocessing = 0;
		};
		0F5C419D242E33BE00354EBB /* Frameworks */ = {
			isa = PBXFrameworksBuildPhase;
			buildActionMask = 2147483647;
			files = (
			);
			runOnlyForDeploymentPostprocessing = 0;
		};
/* End PBXFrameworksBuildPhase section */

/* Begin PBXGroup section */
		0F5C4176242E33BC00354EBB = {
			isa = PBXGroup;
			children = (
				0F5C4181242E33BC00354EBB /* ColorMaker */,
				0F5C4198242E33BE00354EBB /* ColorMakerTests */,
				0F5C41A3242E33BE00354EBB /* ColorMakerUITests */,
				0F5C4180242E33BC00354EBB /* Products */,
			);
			sourceTree = "<group>";
		};
		0F5C4180242E33BC00354EBB /* Products */ = {
			isa = PBXGroup;
			children = (
				0F5C417F242E33BC00354EBB /* ColorMaker.app */,
				0F5C4195242E33BE00354EBB /* ColorMakerTests.xctest */,
				0F5C41A0242E33BE00354EBB /* ColorMakerUITests.xctest */,
			);
			name = Products;
			sourceTree = "<group>";
		};
		0F5C4181242E33BC00354EBB /* ColorMaker */ = {
			isa = PBXGroup;
			children = (
				0F5C4182242E33BC00354EBB /* AppDelegate.swift */,
				0F5C4184242E33BC00354EBB /* SceneDelegate.swift */,
				0F5C4186242E33BC00354EBB /* ViewController.swift */,
				0F5C4188242E33BC00354EBB /* Main.storyboard */,
				0F5C418B242E33BE00354EBB /* Assets.xcassets */,
				0F5C418D242E33BE00354EBB /* LaunchScreen.storyboard */,
				0F5C4190242E33BE00354EBB /* Info.plist */,
			);
			path = ColorMaker;
			sourceTree = "<group>";
		};
		0F5C4198242E33BE00354EBB /* ColorMakerTests */ = {
			isa = PBXGroup;
			children = (
				0F5C4199242E33BE00354EBB /* ColorMakerTests.swift */,
				0F5C419B242E33BE00354EBB /* Info.plist */,
			);
			path = ColorMakerTests;
			sourceTree = "<group>";
		};
		0F5C41A3242E33BE00354EBB /* ColorMakerUITests */ = {
			isa = PBXGroup;
			children = (
				0F5C41A4242E33BE00354EBB /* ColorMakerUITests.swift */,
				0F5C41A6242E33BE00354EBB /* Info.plist */,
			);
			path = ColorMakerUITests;
			sourceTree = "<group>";
		};
/* End PBXGroup section */

/* Begin PBXNativeTarget section */
		0F5C417E242E33BC00354EBB /* ColorMaker */ = {
			isa = PBXNativeTarget;
			buildConfigurationList = 0F5C41A9242E33BE00354EBB /* Build configuration list for PBXNativeTarget "ColorMaker" */;
			buildPhases = (
				0F5C417B242E33BC00354EBB /* Sources */,
				0F5C417C242E33BC00354EBB /* Frameworks */,
				0F5C417D242E33BC00354EBB /* Resources */,
			);
			buildRules = (
			);
			dependencies = (
			);
			name = ColorMaker;
			productName = ColorMaker;
			productReference = 0F5C417F242E33BC00354EBB /* ColorMaker.app */;
			productType = "com.apple.product-type.application";
		};
		0F5C4194242E33BE00354EBB /* ColorMakerTests */ = {
			isa = PBXNativeTarget;
			buildConfigurationList = 0F5C41AC242E33BE00354EBB /* Build configuration list for PBXNativeTarget "ColorMakerTests" */;
			buildPhases = (
				0F5C4191242E33BE00354EBB /* Sources */,
				0F5C4192242E33BE00354EBB /* Frameworks */,
				0F5C4193242E33BE00354EBB /* Resources */,
			);
			buildRules = (
			);
			dependencies = (
				0F5C4197242E33BE00354EBB /* PBXTargetDependency */,
			);
			name = ColorMakerTests;
			productName = ColorMakerTests;
			productReference = 0F5C4195242E33BE00354EBB /* ColorMakerTests.xctest */;
			productType = "com.apple.product-type.bundle.unit-test";
		};
		0F5C419F242E33BE00354EBB /* ColorMakerUITests */ = {
			isa = PBXNativeTarget;
			buildConfigurationList = 0F5C41AF242E33BE00354EBB /* Build configuration list for PBXNativeTarget "ColorMakerUITests" */;
			buildPhases = (
				0F5C419C242E33BE00354EBB /* Sources */,
				0F5C419D242E33BE00354EBB /* Frameworks */,
				0F5C419E242E33BE00354EBB /* Resources */,
			);
			buildRules = (
			);
			dependencies = (
				0F5C41A2242E33BE00354EBB /* PBXTargetDependency */,
			);
			name = ColorMakerUITests;
			productName = ColorMakerUITests;
			productReference = 0F5C41A0242E33BE00354EBB /* ColorMakerUITests.xctest */;
			productType = "com.apple.product-type.bundle.ui-testing";
		};
/* End PBXNativeTarget section */

/* Begin PBXProject section */
		0F5C4177242E33BC00354EBB /* Project object */ = {
			isa = PBXProject;
			attributes = {
				LastSwiftUpdateCheck = 1140;
				LastUpgradeCheck = 1140;
				ORGANIZATIONNAME = noorifytech;
				TargetAttributes = {
					0F5C417E242E33BC00354EBB = {
						CreatedOnToolsVersion = 11.4;
					};
					0F5C4194242E33BE00354EBB = {
						CreatedOnToolsVersion = 11.4;
						TestTargetID = 0F5C417E242E33BC00354EBB;
					};
					0F5C419F242E33BE00354EBB = {
						CreatedOnToolsVersion = 11.4;
						TestTargetID = 0F5C417E242E33BC00354EBB;
					};
				};
			};
			buildConfigurationList = 0F5C417A242E33BC00354EBB /* Build configuration list for PBXProject "ColorMaker" */;
			compatibilityVersion = "Xcode 9.3";
			developmentRegion = en;
			hasScannedForEncodings = 0;
			knownRegions = (
				en,
				Base,
			);
			mainGroup = 0F5C4176242E33BC00354EBB;
			productRefGroup = 0F5C4180242E33BC00354EBB /* Products */;
			projectDirPath = "";
			projectRoot = "";
			targets = (
				0F5C417E242E33BC00354EBB /* ColorMaker */,
				0F5C4194242E33BE00354EBB /* ColorMakerTests */,
				0F5C419F242E33BE00354EBB /* ColorMakerUITests */,
			);
		};
/* End PBXProject section */

/* Begin PBXResourcesBuildPhase section */
		0F5C417D242E33BC00354EBB /* Resources */ = {
			isa = PBXResourcesBuildPhase;
			buildActionMask = 2147483647;
			files = (
				0F5C418F242E33BE00354EBB /* LaunchScreen.storyboard in Resources */,
				0F5C418C242E33BE00354EBB /* Assets.xcassets in Resources */,
				0F5C418A242E33BC00354EBB /* Main.storyboard in Resources */,
			);
			runOnlyForDeploymentPostprocessing = 0;
		};
		0F5C4193242E33BE00354EBB /* Resources */ = {
			isa = PBXResourcesBuildPhase;
			buildActionMask = 2147483647;
			files = (
			);
			runOnlyForDeploymentPostprocessing = 0;
		};
		0F5C419E242E33BE00354EBB /* Resources */ = {
			isa = PBXResourcesBuildPhase;
			buildActionMask = 2147483647;
			files = (
			);
			runOnlyForDeploymentPostprocessing = 0;
		};
/* End PBXResourcesBuildPhase section */

/* Begin PBXSourcesBuildPhase section */
		0F5C417B242E33BC00354EBB /* Sources */ = {
			isa = PBXSourcesBuildPhase;
			buildActionMask = 2147483647;
			files = (
				0F5C4187242E33BC00354EBB /* ViewController.swift in Sources */,
				0F5C4183242E33BC00354EBB /* AppDelegate.swift in Sources */,
				0F5C4185242E33BC00354EBB /* SceneDelegate.swift in Sources */,
			);
			runOnlyForDeploymentPostprocessing = 0;
		};
		0F5C4191242E33BE00354EBB /* Sources */ = {
			isa = PBXSourcesBuildPhase;
			buildActionMask = 2147483647;
			files = (
				0F5C419A242E33BE00354EBB /* ColorMakerTests.swift in Sources */,
			);
			runOnlyForDeploymentPostprocessing = 0;
		};
		0F5C419C242E33BE00354EBB /* Sources */ = {
			isa = PBXSourcesBuildPhase;
			buildActionMask = 2147483647;
			files = (
				0F5C41A5242E33BE00354EBB /* ColorMakerUITests.swift in Sources */,
			);
			runOnlyForDeploymentPostprocessing = 0;
		};
/* End PBXSourcesBuildPhase section */

/* Begin PBXTargetDependency section */
		0F5C4197242E33BE00354EBB /* PBXTargetDependency */ = {
			isa = PBXTargetDependency;
			target = 0F5C417E242E33BC00354EBB /* ColorMaker */;
			targetProxy = 0F5C4196242E33BE00354EBB /* PBXContainerItemProxy */;
		};
		0F5C41A2242E33BE00354EBB /* PBXTargetDependency */ = {
			isa = PBXTargetDependency;
			target = 0F5C417E242E33BC00354EBB /* ColorMaker */;
			targetProxy = 0F5C41A1242E33BE00354EBB /* PBXContainerItemProxy */;
		};
/* End PBXTargetDependency section */

/* Begin PBXVariantGroup section */
		0F5C4188242E33BC00354EBB /* Main.storyboard */ = {
			isa = PBXVariantGroup;
			children = (
				0F5C4189242E33BC00354EBB /* Base */,
			);
			name = Main.storyboard;
			sourceTree = "<group>";
		};
		0F5C418D242E33BE00354EBB /* LaunchScreen.storyboard */ = {
			isa = PBXVariantGroup;
			children = (
				0F5C418E242E33BE00354EBB /* Base */,
			);
			name = LaunchScreen.storyboard;
			sourceTree = "<group>";
		};
/* End PBXVariantGroup section */

/* Begin XCBuildConfiguration section */
		0F5C41A7242E33BE00354EBB /* Debug */ = {
			isa = XCBuildConfiguration;
			buildSettings = {
				ALWAYS_SEARCH_USER_PATHS = NO;
				CLANG_ANALYZER_NONNULL = YES;
				CLANG_ANALYZER_NUMBER_OBJECT_CONVERSION = YES_AGGRESSIVE;
				CLANG_CXX_LANGUAGE_STANDARD = "gnu++14";
				CLANG_CXX_LIBRARY = "libc++";
				CLANG_ENABLE_MODULES = YES;
				CLANG_ENABLE_OBJC_ARC = YES;
				CLANG_ENABLE_OBJC_WEAK = YES;
				CLANG_WARN_BLOCK_CAPTURE_AUTORELEASING = YES;
				CLANG_WARN_BOOL_CONVERSION = YES;
				CLANG_WARN_COMMA = YES;
				CLANG_WARN_CONSTANT_CONVERSION = YES;
				CLANG_WARN_DEPRECATED_OBJC_IMPLEMENTATIONS = YES;
				CLANG_WARN_DIRECT_OBJC_ISA_USAGE = YES_ERROR;
				CLANG_WARN_DOCUMENTATION_COMMENTS = YES;
				CLANG_WARN_EMPTY_BODY = YES;
				CLANG_WARN_ENUM_CONVERSION = YES;
				CLANG_WARN_INFINITE_RECURSION = YES;
				CLANG_WARN_INT_CONVERSION = YES;
				CLANG_WARN_NON_LITERAL_NULL_CONVERSION = YES;
				CLANG_WARN_OBJC_IMPLICIT_RETAIN_SELF = YES;
				CLANG_WARN_OBJC_LITERAL_CONVERSION = YES;
				CLANG_WARN_OBJC_ROOT_CLASS = YES_ERROR;
				CLANG_WARN_RANGE_LOOP_ANALYSIS = YES;
				CLANG_WARN_STRICT_PROTOTYPES = YES;
				CLANG_WARN_SUSPICIOUS_MOVE = YES;
				CLANG_WARN_UNGUARDED_AVAILABILITY = YES_AGGRESSIVE;
				CLANG_WARN_UNREACHABLE_CODE = YES;
				CLANG_WARN__DUPLICATE_METHOD_MATCH = YES;
				COPY_PHASE_STRIP = NO;
				DEBUG_INFORMATION_FORMAT = dwarf;
				ENABLE_STRICT_OBJC_MSGSEND = YES;
				ENABLE_TESTABILITY = YES;
				GCC_C_LANGUAGE_STANDARD = gnu11;
				GCC_DYNAMIC_NO_PIC = NO;
				GCC_NO_COMMON_BLOCKS = YES;
				GCC_OPTIMIZATION_LEVEL = 0;
				GCC_PREPROCESSOR_DEFINITIONS = (
					"DEBUG=1",
					"$(inherited)",
				);
				GCC_WARN_64_TO_32_BIT_CONVERSION = YES;
				GCC_WARN_ABOUT_RETURN_TYPE = YES_ERROR;
				GCC_WARN_UNDECLARED_SELECTOR = YES;
				GCC_WARN_UNINITIALIZED_AUTOS = YES_AGGRESSIVE;
				GCC_WARN_UNUSED_FUNCTION = YES;
				GCC_WARN_UNUSED_VARIABLE = YES;
				IPHONEOS_DEPLOYMENT_TARGET = 13.4;
				MTL_ENABLE_DEBUG_INFO = INCLUDE_SOURCE;
				MTL_FAST_MATH = YES;
				ONLY_ACTIVE_ARCH = YES;
				SDKROOT = iphoneos;
				SWIFT_ACTIVE_COMPILATION_CONDITIONS = DEBUG;
				SWIFT_OPTIMIZATION_LEVEL = "-Onone";
			};
			name = Debug;
		};
		0F5C41A8242E33BE00354EBB /* Release */ = {
			isa = XCBuildConfiguration;
			buildSettings = {
				ALWAYS_SEARCH_USER_PATHS = NO;
				CLANG_ANALYZER_NONNULL = YES;
				CLANG_ANALYZER_NUMBER_OBJECT_CONVERSION = YES_AGGRESSIVE;
				CLANG_CXX_LANGUAGE_STANDARD = "gnu++14";
				CLANG_CXX_LIBRARY = "libc++";
				CLANG_ENABLE_MODULES = YES;
				CLANG_ENABLE_OBJC_ARC = YES;
				CLANG_ENABLE_OBJC_WEAK = YES;
				CLANG_WARN_BLOCK_CAPTURE_AUTORELEASING = YES;
				CLANG_WARN_BOOL_CONVERSION = YES;
				CLANG_WARN_COMMA = YES;
				CLANG_WARN_CONSTANT_CONVERSION = YES;
				CLANG_WARN_DEPRECATED_OBJC_IMPLEMENTATIONS = YES;
				CLANG_WARN_DIRECT_OBJC_ISA_USAGE = YES_ERROR;
				CLANG_WARN_DOCUMENTATION_COMMENTS = YES;
				CLANG_WARN_EMPTY_BODY = YES;
				CLANG_WARN_ENUM_CONVERSION = YES;
				CLANG_WARN_INFINITE_RECURSION = YES;
				CLANG_WARN_INT_CONVERSION = YES;
				CLANG_WARN_NON_LITERAL_NULL_CONVERSION = YES;
				CLANG_WARN_OBJC_IMPLICIT_RETAIN_SELF = YES;
				CLANG_WARN_OBJC_LITERAL_CONVERSION = YES;
				CLANG_WARN_OBJC_ROOT_CLASS = YES_ERROR;
				CLANG_WARN_RANGE_LOOP_ANALYSIS = YES;
				CLANG_WARN_STRICT_PROTOTYPES = YES;
				CLANG_WARN_SUSPICIOUS_MOVE = YES;
				CLANG_WARN_UNGUARDED_AVAILABILITY = YES_AGGRESSIVE;
				CLANG_WARN_UNREACHABLE_CODE = YES;
				CLANG_WARN__DUPLICATE_METHOD_MATCH = YES;
				COPY_PHASE_STRIP = NO;
				DEBUG_INFORMATION_FORMAT = "dwarf-with-dsym";
				ENABLE_NS_ASSERTIONS = NO;
				ENABLE_STRICT_OBJC_MSGSEND = YES;
				GCC_C_LANGUAGE_STANDARD = gnu11;
				GCC_NO_COMMON_BLOCKS = YES;
				GCC_WARN_64_TO_32_BIT_CONVERSION = YES;
				GCC_WARN_ABOUT_RETURN_TYPE = YES_ERROR;
				GCC_WARN_UNDECLARED_SELECTOR = YES;
				GCC_WARN_UNINITIALIZED_AUTOS = YES_AGGRESSIVE;
				GCC_WARN_UNUSED_FUNCTION = YES;
				GCC_WARN_UNUSED_VARIABLE = YES;
				IPHONEOS_DEPLOYMENT_TARGET = 13.4;
				MTL_ENABLE_DEBUG_INFO = NO;
				MTL_FAST_MATH = YES;
				SDKROOT = iphoneos;
				SWIFT_COMPILATION_MODE = wholemodule;
				SWIFT_OPTIMIZATION_LEVEL = "-O";
				VALIDATE_PRODUCT = YES;
			};
			name = Release;
		};
		0F5C41AA242E33BE00354EBB /* Debug */ = {
			isa = XCBuildConfiguration;
			buildSettings = {
				ASSETCATALOG_COMPILER_APPICON_NAME = AppIcon;
				CODE_SIGN_STYLE = Automatic;
				INFOPLIST_FILE = ColorMaker/Info.plist;
				LD_RUNPATH_SEARCH_PATHS = (
					"$(inherited)",
					"@executable_path/Frameworks",
				);
				PRODUCT_BUNDLE_IDENTIFIER = com.noorifytech.ColorMaker;
				PRODUCT_NAME = "$(TARGET_NAME)";
				SWIFT_VERSION = 5.0;
				TARGETED_DEVICE_FAMILY = "1,2";
			};
			name = Debug;
		};
		0F5C41AB242E33BE00354EBB /* Release */ = {
			isa = XCBuildConfiguration;
			buildSettings = {
				ASSETCATALOG_COMPILER_APPICON_NAME = AppIcon;
				CODE_SIGN_STYLE = Automatic;
				INFOPLIST_FILE = ColorMaker/Info.plist;
				LD_RUNPATH_SEARCH_PATHS = (
					"$(inherited)",
					"@executable_path/Frameworks",
				);
				PRODUCT_BUNDLE_IDENTIFIER = com.noorifytech.ColorMaker;
				PRODUCT_NAME = "$(TARGET_NAME)";
				SWIFT_VERSION = 5.0;
				TARGETED_DEVICE_FAMILY = "1,2";
			};
			name = Release;
		};
		0F5C41AD242E33BE00354EBB /* Debug */ = {
			isa = XCBuildConfiguration;
			buildSettings = {
				ALWAYS_EMBED_SWIFT_STANDARD_LIBRARIES = YES;
				BUNDLE_LOADER = "$(TEST_HOST)";
				CODE_SIGN_STYLE = Automatic;
				INFOPLIST_FILE = ColorMakerTests/Info.plist;
				IPHONEOS_DEPLOYMENT_TARGET = 13.4;
				LD_RUNPATH_SEARCH_PATHS = (
					"$(inherited)",
					"@executable_path/Frameworks",
					"@loader_path/Frameworks",
				);
				PRODUCT_BUNDLE_IDENTIFIER = com.noorifytech.ColorMakerTests;
				PRODUCT_NAME = "$(TARGET_NAME)";
				SWIFT_VERSION = 5.0;
				TARGETED_DEVICE_FAMILY = "1,2";
				TEST_HOST = "$(BUILT_PRODUCTS_DIR)/ColorMaker.app/ColorMaker";
			};
			name = Debug;
		};
		0F5C41AE242E33BE00354EBB /* Release */ = {
			isa = XCBuildConfiguration;
			buildSettings = {
				ALWAYS_EMBED_SWIFT_STANDARD_LIBRARIES = YES;
				BUNDLE_LOADER = "$(TEST_HOST)";
				CODE_SIGN_STYLE = Automatic;
				INFOPLIST_FILE = ColorMakerTests/Info.plist;
				IPHONEOS_DEPLOYMENT_TARGET = 13.4;
				LD_RUNPATH_SEARCH_PATHS = (
					"$(inherited)",
					"@executable_path/Frameworks",
					"@loader_path/Frameworks",
				);
				PRODUCT_BUNDLE_IDENTIFIER = com.noorifytech.ColorMakerTests;
				PRODUCT_NAME = "$(TARGET_NAME)";
				SWIFT_VERSION = 5.0;
				TARGETED_DEVICE_FAMILY = "1,2";
				TEST_HOST = "$(BUILT_PRODUCTS_DIR)/ColorMaker.app/ColorMaker";
			};
			name = Release;
		};
		0F5C41B0242E33BE00354EBB /* Debug */ = {
			isa = XCBuildConfiguration;
			buildSettings = {
				ALWAYS_EMBED_SWIFT_STANDARD_LIBRARIES = YES;
				CODE_SIGN_STYLE = Automatic;
				INFOPLIST_FILE = ColorMakerUITests/Info.plist;
				LD_RUNPATH_SEARCH_PATHS = (
					"$(inherited)",
					"@executable_path/Frameworks",
					"@loader_path/Frameworks",
				);
				PRODUCT_BUNDLE_IDENTIFIER = com.noorifytech.ColorMakerUITests;
				PRODUCT_NAME = "$(TARGET_NAME)";
				SWIFT_VERSION = 5.0;
				TARGETED_DEVICE_FAMILY = "1,2";
				TEST_TARGET_NAME = ColorMaker;
			};
			name = Debug;
		};
		0F5C41B1242E33BE00354EBB /* Release */ = {
			isa = XCBuildConfiguration;
			buildSettings = {
				ALWAYS_EMBED_SWIFT_STANDARD_LIBRARIES = YES;
				CODE_SIGN_STYLE = Automatic;
				INFOPLIST_FILE = ColorMakerUITests/Info.plist;
				LD_RUNPATH_SEARCH_PATHS = (
					"$(inherited)",
					"@executable_path/Frameworks",
					"@loader_path/Frameworks",
				);
				PRODUCT_BUNDLE_IDENTIFIER = com.noorifytech.ColorMakerUITests;
				PRODUCT_NAME = "$(TARGET_NAME)";
				SWIFT_VERSION = 5.0;
				TARGETED_DEVICE_FAMILY = "1,2";
				TEST_TARGET_NAME = ColorMaker;
			};
			name = Release;
		};
/* End XCBuildConfiguration section */

/* Begin XCConfigurationList section */
		0F5C417A242E33BC00354EBB /* Build configuration list for PBXProject "ColorMaker" */ = {
			isa = XCConfigurationList;
			buildConfigurations = (
				0F5C41A7242E33BE00354EBB /* Debug */,
				0F5C41A8242E33BE00354EBB /* Release */,
			);
			defaultConfigurationIsVisible = 0;
			defaultConfigurationName = Release;
		};
		0F5C41A9242E33BE00354EBB /* Build configuration list for PBXNativeTarget "ColorMaker" */ = {
			isa = XCConfigurationList;
			buildConfigurations = (
				0F5C41AA242E33BE00354EBB /* Debug */,
				0F5C41AB242E33BE00354EBB /* Release */,
			);
			defaultConfigurationIsVisible = 0;
			defaultConfigurationName = Release;
		};
		0F5C41AC242E33BE00354EBB /* Build configuration list for PBXNativeTarget "ColorMakerTests" */ = {
			isa = XCConfigurationList;
			buildConfigurations = (
				0F5C41AD242E33BE00354EBB /* Debug */,
				0F5C41AE242E33BE00354EBB /* Release */,
			);
			defaultConfigurationIsVisible = 0;
			defaultConfigurationName = Release;
		};
		0F5C41AF242E33BE00354EBB /* Build configuration list for PBXNativeTarget "ColorMakerUITests" */ = {
			isa = XCConfigurationList;
			buildConfigurations = (
				0F5C41B0242E33BE00354EBB /* Debug */,
				0F5C41B1242E33BE00354EBB /* Release */,
			);
			defaultConfigurationIsVisible = 0;
			defaultConfigurationName = Release;
		};
/* End XCConfigurationList section */
	};
	rootObject = 0F5C4177242E33BC00354EBB /* Project object */;
}
